
Microsoft Visual Studio Solution File, Format Version 12.00
# Visual Studio Version 17
VisualStudioVersion = 17.2.32602.215
MinimumVisualStudioVersion = 10.0.40219.1
Project("{FAE04EC0-301F-11D3-BF4B-00C04F79EFBC}") = "helixxdeneme", "helixxdeneme\helixxdeneme.csproj", "{8987EB2A-EB78-4DCD-9C3E-646FD1E77A97}"
EndProject
Global
	GlobalSection(SolutionConfigurationPlatforms) = preSolution
		Debug|Any CPU = Debug|Any CPU
		Release|Any CPU = Release|Any CPU
	EndGlobalSection
	GlobalSection(ProjectConfigurationPlatforms) = postSolution
		{8987EB2A-EB78-4DCD-9C3E-646FD1E77A97}.Debug|Any CPU.ActiveCfg = Debug|Any CPU
		{8987EB2A-EB78-4DCD-9C3E-646FD1E77A97}.Debug|Any CPU.Build.0 = Debug|Any CPU
		{8987EB2A-EB78-4DCD-9C3E-646FD1E77A97}.Release|Any CPU.ActiveCfg = Release|Any CPU
		{8987EB2A-EB78-4DCD-9C3E-646FD1E77A97}.Release|Any CPU.Build.0 = Release|Any CPU
	EndGlobalSection
	GlobalSection(SolutionProperties) = preSolution
		HideSolutionNode = FALSE
	EndGlobalSection
	GlobalSection(ExtensibilityGlobals) = postSolution
		SolutionGuid = {A1390BFC-2DD6-4429-A532-3B360FE9576D}
	EndGlobalSection
EndGlobal
